
Microsoft Visual Studio Solution File, Format Version 12.00
# Visual Studio Version 17
VisualStudioVersion = 17.1.32319.34
MinimumVisualStudioVersion = 10.0.40219.1
Project("{FAE04EC0-301F-11D3-BF4B-00C04F79EFBC}") = "Mancala", "Mancala.csproj", "{201CD676-CB84-41EF-9F34-D9C0B5B4D602}"
EndProject
Global
	GlobalSection(SolutionConfigurationPlatforms) = preSolution
		Debug|Any CPU = Debug|Any CPU
		Release|Any CPU = Release|Any CPU
	EndGlobalSection
	GlobalSection(ProjectConfigurationPlatforms) = postSolution
		{201CD676-CB84-41EF-9F34-D9C0B5B4D602}.Debug|Any CPU.ActiveCfg = Debug|Any CPU
		{201CD676-CB84-41EF-9F34-D9C0B5B4D602}.Debug|Any CPU.Build.0 = Debug|Any CPU
		{201CD676-CB84-41EF-9F34-D9C0B5B4D602}.Release|Any CPU.ActiveCfg = Release|Any CPU
		{201CD676-CB84-41EF-9F34-D9C0B5B4D602}.Release|Any CPU.Build.0 = Release|Any CPU
	EndGlobalSection
	GlobalSection(SolutionProperties) = preSolution
		HideSolutionNode = FALSE
	EndGlobalSection
	GlobalSection(ExtensibilityGlobals) = postSolution
		SolutionGuid = {43527F70-F210-4274-B063-E9386DB61EA3}
	EndGlobalSection
EndGlobal
